
Microsoft Visual Studio Solution File, Format Version 12.00
# Visual Studio Version 17
VisualStudioVersion = 17.4.33122.133
MinimumVisualStudioVersion = 10.0.40219.1
Project("{8BC9CEB8-8B4A-11D0-8D11-00A0C91BC942}") = "es 4", "es 4.vcxproj", "{8F650350-AE99-42CB-9F14-F14F52B2331A}"
EndProject
Global
	GlobalSection(SolutionConfigurationPlatforms) = preSolution
		Debug|x64 = Debug|x64
		Debug|x86 = Debug|x86
		Release|x64 = Release|x64
		Release|x86 = Release|x86
	EndGlobalSection
	GlobalSection(ProjectConfigurationPlatforms) = postSolution
		{8F650350-AE99-42CB-9F14-F14F52B2331A}.Debug|x64.ActiveCfg = Debug|x64
		{8F650350-AE99-42CB-9F14-F14F52B2331A}.Debug|x64.Build.0 = Debug|x64
		{8F650350-AE99-42CB-9F14-F14F52B2331A}.Debug|x86.ActiveCfg = Debug|Win32
		{8F650350-AE99-42CB-9F14-F14F52B2331A}.Debug|x86.Build.0 = Debug|Win32
		{8F650350-AE99-42CB-9F14-F14F52B2331A}.Release|x64.ActiveCfg = Release|x64
		{8F650350-AE99-42CB-9F14-F14F52B2331A}.Release|x64.Build.0 = Release|x64
		{8F650350-AE99-42CB-9F14-F14F52B2331A}.Release|x86.ActiveCfg = Release|Win32
		{8F650350-AE99-42CB-9F14-F14F52B2331A}.Release|x86.Build.0 = Release|Win32
	EndGlobalSection
	GlobalSection(SolutionProperties) = preSolution
		HideSolutionNode = FALSE
	EndGlobalSection
	GlobalSection(ExtensibilityGlobals) = postSolution
		SolutionGuid = {DD3DEC5F-9556-4708-BB9E-36F0747A7EB0}
	EndGlobalSection
EndGlobal
