
Microsoft Visual Studio Solution File, Format Version 12.00
# Visual Studio Version 17
VisualStudioVersion = 17.4.33122.133
MinimumVisualStudioVersion = 10.0.40219.1
Project("{8BC9CEB8-8B4A-11D0-8D11-00A0C91BC942}") = "Stazione di Servizio", "Stazione di Servizio.vcxproj", "{60926463-6B0D-4210-8529-0A7BBE10A29E}"
EndProject
Global
	GlobalSection(SolutionConfigurationPlatforms) = preSolution
		Debug|x64 = Debug|x64
		Debug|x86 = Debug|x86
		Release|x64 = Release|x64
		Release|x86 = Release|x86
	EndGlobalSection
	GlobalSection(ProjectConfigurationPlatforms) = postSolution
		{60926463-6B0D-4210-8529-0A7BBE10A29E}.Debug|x64.ActiveCfg = Debug|x64
		{60926463-6B0D-4210-8529-0A7BBE10A29E}.Debug|x64.Build.0 = Debug|x64
		{60926463-6B0D-4210-8529-0A7BBE10A29E}.Debug|x86.ActiveCfg = Debug|Win32
		{60926463-6B0D-4210-8529-0A7BBE10A29E}.Debug|x86.Build.0 = Debug|Win32
		{60926463-6B0D-4210-8529-0A7BBE10A29E}.Release|x64.ActiveCfg = Release|x64
		{60926463-6B0D-4210-8529-0A7BBE10A29E}.Release|x64.Build.0 = Release|x64
		{60926463-6B0D-4210-8529-0A7BBE10A29E}.Release|x86.ActiveCfg = Release|Win32
		{60926463-6B0D-4210-8529-0A7BBE10A29E}.Release|x86.Build.0 = Release|Win32
	EndGlobalSection
	GlobalSection(SolutionProperties) = preSolution
		HideSolutionNode = FALSE
	EndGlobalSection
	GlobalSection(ExtensibilityGlobals) = postSolution
		SolutionGuid = {08D25148-AB22-4948-BB09-19DB2DD7C966}
	EndGlobalSection
EndGlobal
