
Microsoft Visual Studio Solution File, Format Version 12.00
# Visual Studio Version 17
VisualStudioVersion = 17.4.33122.133
MinimumVisualStudioVersion = 10.0.40219.1
Project("{8BC9CEB8-8B4A-11D0-8D11-00A0C91BC942}") = "es 1", "es 1.vcxproj", "{57841151-1E9F-452F-B27B-D78C172FBDDC}"
EndProject
Global
	GlobalSection(SolutionConfigurationPlatforms) = preSolution
		Debug|x64 = Debug|x64
		Debug|x86 = Debug|x86
		Release|x64 = Release|x64
		Release|x86 = Release|x86
	EndGlobalSection
	GlobalSection(ProjectConfigurationPlatforms) = postSolution
		{57841151-1E9F-452F-B27B-D78C172FBDDC}.Debug|x64.ActiveCfg = Debug|x64
		{57841151-1E9F-452F-B27B-D78C172FBDDC}.Debug|x64.Build.0 = Debug|x64
		{57841151-1E9F-452F-B27B-D78C172FBDDC}.Debug|x86.ActiveCfg = Debug|Win32
		{57841151-1E9F-452F-B27B-D78C172FBDDC}.Debug|x86.Build.0 = Debug|Win32
		{57841151-1E9F-452F-B27B-D78C172FBDDC}.Release|x64.ActiveCfg = Release|x64
		{57841151-1E9F-452F-B27B-D78C172FBDDC}.Release|x64.Build.0 = Release|x64
		{57841151-1E9F-452F-B27B-D78C172FBDDC}.Release|x86.ActiveCfg = Release|Win32
		{57841151-1E9F-452F-B27B-D78C172FBDDC}.Release|x86.Build.0 = Release|Win32
	EndGlobalSection
	GlobalSection(SolutionProperties) = preSolution
		HideSolutionNode = FALSE
	EndGlobalSection
	GlobalSection(ExtensibilityGlobals) = postSolution
		SolutionGuid = {CE04C3D3-1681-460E-A3F8-703EE72A4760}
	EndGlobalSection
EndGlobal
